# This file is automatically @generated by Cargo.
# It is not intended for manual editing.
[[package]]
name = "bytes"
version = "0.5.6"
source = "registry+https://github.com/rust-lang/crates.io-index"
checksum = "0e4cec68f03f32e44924783795810fa50a7035d8c8ebe78580ad7e6c703fba38"

[[package]]
name = "dks3_server"
version = "0.1.0"
dependencies = [
 "protobuf",
 "protobuf-codegen-pure",
]

[[package]]
name = "protobuf"
version = "2.17.0"
source = "registry+https://github.com/rust-lang/crates.io-index"
checksum = "cb14183cc7f213ee2410067e1ceeadba2a7478a59432ff0747a335202798b1e2"
dependencies = [
 "bytes",
]

[[package]]
name = "protobuf-codegen"
version = "2.17.0"
source = "registry+https://github.com/rust-lang/crates.io-index"
checksum = "3360a1e017386e7d9fc65f7425bef9bcf1e62871f8b5a7b0570ef2ff5073f9a0"
dependencies = [
 "protobuf",
]

[[package]]
name = "protobuf-codegen-pure"
version = "2.17.0"
source = "registry+https://github.com/rust-lang/crates.io-index"
checksum = "899e61d9d3db627471119baf57db06385c12723c2f47a03dd4244c693ca6d85e"
dependencies = [
 "protobuf",
 "protobuf-codegen",
]
